
Microsoft Visual Studio Solution File, Format Version 12.00
Project("{FAE04EC0-301F-11D3-BF4B-00C04F79EFBC}") = "ZadaniePierwsze", "ZadaniePierwsze\ZadaniePierwsze.csproj", "{30D1654E-3833-4A28-8BC2-D5BEDC290BD6}"
EndProject
Global
	GlobalSection(SolutionConfigurationPlatforms) = preSolution
		Debug|Any CPU = Debug|Any CPU
		Release|Any CPU = Release|Any CPU
	EndGlobalSection
	GlobalSection(ProjectConfigurationPlatforms) = postSolution
		{30D1654E-3833-4A28-8BC2-D5BEDC290BD6}.Debug|Any CPU.ActiveCfg = Debug|Any CPU
		{30D1654E-3833-4A28-8BC2-D5BEDC290BD6}.Debug|Any CPU.Build.0 = Debug|Any CPU
		{30D1654E-3833-4A28-8BC2-D5BEDC290BD6}.Release|Any CPU.ActiveCfg = Release|Any CPU
		{30D1654E-3833-4A28-8BC2-D5BEDC290BD6}.Release|Any CPU.Build.0 = Release|Any CPU
	EndGlobalSection
EndGlobal
